
Microsoft Visual Studio Solution File, Format Version 12.00
# Visual Studio 14
VisualStudioVersion = 14.0.23107.0
MinimumVisualStudioVersion = 10.0.40219.1
Project("{FAE04EC0-301F-11D3-BF4B-00C04F79EFBC}") = "BarcodeTools", "BarcodeTools\BarcodeTools.csproj", "{D7710794-C790-42D2-B9FB-22B3AF46A827}"
EndProject
Global
	GlobalSection(SolutionConfigurationPlatforms) = preSolution
		Debug|Any CPU = Debug|Any CPU
		Release|Any CPU = Release|Any CPU
	EndGlobalSection
	GlobalSection(ProjectConfigurationPlatforms) = postSolution
		{D7710794-C790-42D2-B9FB-22B3AF46A827}.Debug|Any CPU.ActiveCfg = Debug|Any CPU
		{D7710794-C790-42D2-B9FB-22B3AF46A827}.Debug|Any CPU.Build.0 = Debug|Any CPU
		{D7710794-C790-42D2-B9FB-22B3AF46A827}.Release|Any CPU.ActiveCfg = Release|Any CPU
		{D7710794-C790-42D2-B9FB-22B3AF46A827}.Release|Any CPU.Build.0 = Release|Any CPU
	EndGlobalSection
	GlobalSection(SolutionProperties) = preSolution
		HideSolutionNode = FALSE
	EndGlobalSection
EndGlobal
