
Microsoft Visual Studio Solution File, Format Version 12.00
# Visual Studio 14
VisualStudioVersion = 14.0.25420.1
MinimumVisualStudioVersion = 10.0.40219.1
Project("{FAE04EC0-301F-11D3-BF4B-00C04F79EFBC}") = "BarcodeLibrary", "BarcodeTools\BarcodeLibrary.csproj", "{D7710794-C790-42D2-B9FB-22B3AF46A827}"
EndProject
Project("{FAE04EC0-301F-11D3-BF4B-00C04F79EFBC}") = "BarcodeTools.Test", "BarcodeTools.Tes\BarcodeTools.Test.csproj", "{9DB88FF9-56C5-4F95-8638-87B313EB1F51}"
EndProject
Global
	GlobalSection(SolutionConfigurationPlatforms) = preSolution
		Debug|Any CPU = Debug|Any CPU
		Debug|x86 = Debug|x86
		Release|Any CPU = Release|Any CPU
		Release|x86 = Release|x86
		XP|Any CPU = XP|Any CPU
		XP|x86 = XP|x86
	EndGlobalSection
	GlobalSection(ProjectConfigurationPlatforms) = postSolution
		{D7710794-C790-42D2-B9FB-22B3AF46A827}.Debug|Any CPU.ActiveCfg = Debug|Any CPU
		{D7710794-C790-42D2-B9FB-22B3AF46A827}.Debug|Any CPU.Build.0 = Debug|Any CPU
		{D7710794-C790-42D2-B9FB-22B3AF46A827}.Debug|x86.ActiveCfg = Debug|Any CPU
		{D7710794-C790-42D2-B9FB-22B3AF46A827}.Debug|x86.Build.0 = Debug|Any CPU
		{D7710794-C790-42D2-B9FB-22B3AF46A827}.Release|Any CPU.ActiveCfg = Release|Any CPU
		{D7710794-C790-42D2-B9FB-22B3AF46A827}.Release|Any CPU.Build.0 = Release|Any CPU
		{D7710794-C790-42D2-B9FB-22B3AF46A827}.Release|x86.ActiveCfg = Release|x86
		{D7710794-C790-42D2-B9FB-22B3AF46A827}.Release|x86.Build.0 = Release|x86
		{D7710794-C790-42D2-B9FB-22B3AF46A827}.XP|Any CPU.ActiveCfg = XP|Any CPU
		{D7710794-C790-42D2-B9FB-22B3AF46A827}.XP|Any CPU.Build.0 = XP|Any CPU
		{D7710794-C790-42D2-B9FB-22B3AF46A827}.XP|x86.ActiveCfg = XP|x86
		{D7710794-C790-42D2-B9FB-22B3AF46A827}.XP|x86.Build.0 = XP|x86
		{9DB88FF9-56C5-4F95-8638-87B313EB1F51}.Debug|Any CPU.ActiveCfg = Debug|Any CPU
		{9DB88FF9-56C5-4F95-8638-87B313EB1F51}.Debug|Any CPU.Build.0 = Debug|Any CPU
		{9DB88FF9-56C5-4F95-8638-87B313EB1F51}.Debug|x86.ActiveCfg = Debug|Any CPU
		{9DB88FF9-56C5-4F95-8638-87B313EB1F51}.Debug|x86.Build.0 = Debug|Any CPU
		{9DB88FF9-56C5-4F95-8638-87B313EB1F51}.Release|Any CPU.ActiveCfg = Release|Any CPU
		{9DB88FF9-56C5-4F95-8638-87B313EB1F51}.Release|Any CPU.Build.0 = Release|Any CPU
		{9DB88FF9-56C5-4F95-8638-87B313EB1F51}.Release|x86.ActiveCfg = Release|Any CPU
		{9DB88FF9-56C5-4F95-8638-87B313EB1F51}.Release|x86.Build.0 = Release|Any CPU
		{9DB88FF9-56C5-4F95-8638-87B313EB1F51}.XP|Any CPU.ActiveCfg = XP|Any CPU
		{9DB88FF9-56C5-4F95-8638-87B313EB1F51}.XP|Any CPU.Build.0 = XP|Any CPU
		{9DB88FF9-56C5-4F95-8638-87B313EB1F51}.XP|x86.ActiveCfg = XP|Any CPU
		{9DB88FF9-56C5-4F95-8638-87B313EB1F51}.XP|x86.Build.0 = XP|Any CPU
	EndGlobalSection
	GlobalSection(SolutionProperties) = preSolution
		HideSolutionNode = FALSE
	EndGlobalSection
EndGlobal
